
Microsoft Visual Studio Solution File, Format Version 12.00
# Visual Studio Version 17
VisualStudioVersion = 17.4.33213.308
MinimumVisualStudioVersion = 10.0.40219.1
Project("{FAE04EC0-301F-11D3-BF4B-00C04F79EFBC}") = "ExceptionDemo", "ExceptionDemo\ExceptionDemo.csproj", "{CC8E6327-BBE2-47D3-A438-A82D3090BC90}"
EndProject
Global
	GlobalSection(SolutionConfigurationPlatforms) = preSolution
		Debug|Any CPU = Debug|Any CPU
		Release|Any CPU = Release|Any CPU
	EndGlobalSection
	GlobalSection(ProjectConfigurationPlatforms) = postSolution
		{CC8E6327-BBE2-47D3-A438-A82D3090BC90}.Debug|Any CPU.ActiveCfg = Debug|Any CPU
		{CC8E6327-BBE2-47D3-A438-A82D3090BC90}.Debug|Any CPU.Build.0 = Debug|Any CPU
		{CC8E6327-BBE2-47D3-A438-A82D3090BC90}.Release|Any CPU.ActiveCfg = Release|Any CPU
		{CC8E6327-BBE2-47D3-A438-A82D3090BC90}.Release|Any CPU.Build.0 = Release|Any CPU
	EndGlobalSection
	GlobalSection(SolutionProperties) = preSolution
		HideSolutionNode = FALSE
	EndGlobalSection
	GlobalSection(ExtensibilityGlobals) = postSolution
		SolutionGuid = {C25E258A-2470-46E2-BC04-875EAAE120FD}
	EndGlobalSection
EndGlobal
