
Microsoft Visual Studio Solution File, Format Version 12.00
# Visual Studio Version 17
VisualStudioVersion = 17.4.33213.308
MinimumVisualStudioVersion = 10.0.40219.1
Project("{FAE04EC0-301F-11D3-BF4B-00C04F79EFBC}") = "SpectreApp", "SpectreApp\SpectreApp.csproj", "{7C64740F-2008-45DD-92DD-159CD5A8FA8C}"
EndProject
Global
	GlobalSection(SolutionConfigurationPlatforms) = preSolution
		Debug|Any CPU = Debug|Any CPU
		Release|Any CPU = Release|Any CPU
	EndGlobalSection
	GlobalSection(ProjectConfigurationPlatforms) = postSolution
		{7C64740F-2008-45DD-92DD-159CD5A8FA8C}.Debug|Any CPU.ActiveCfg = Debug|Any CPU
		{7C64740F-2008-45DD-92DD-159CD5A8FA8C}.Debug|Any CPU.Build.0 = Debug|Any CPU
		{7C64740F-2008-45DD-92DD-159CD5A8FA8C}.Release|Any CPU.ActiveCfg = Release|Any CPU
		{7C64740F-2008-45DD-92DD-159CD5A8FA8C}.Release|Any CPU.Build.0 = Release|Any CPU
	EndGlobalSection
	GlobalSection(SolutionProperties) = preSolution
		HideSolutionNode = FALSE
	EndGlobalSection
	GlobalSection(ExtensibilityGlobals) = postSolution
		SolutionGuid = {B57C82B2-70AD-4CBE-9500-7B7FCAA8059A}
	EndGlobalSection
EndGlobal
