
Microsoft Visual Studio Solution File, Format Version 12.00
# Visual Studio Version 17
VisualStudioVersion = 17.4.33213.308
MinimumVisualStudioVersion = 10.0.40219.1
Project("{FAE04EC0-301F-11D3-BF4B-00C04F79EFBC}") = "ScoreCard", "ScoreCard\ScoreCard.csproj", "{7C20F11E-FC8A-4EE5-8650-F190EF544577}"
EndProject
Global
	GlobalSection(SolutionConfigurationPlatforms) = preSolution
		Debug|Any CPU = Debug|Any CPU
		Release|Any CPU = Release|Any CPU
	EndGlobalSection
	GlobalSection(ProjectConfigurationPlatforms) = postSolution
		{7C20F11E-FC8A-4EE5-8650-F190EF544577}.Debug|Any CPU.ActiveCfg = Debug|Any CPU
		{7C20F11E-FC8A-4EE5-8650-F190EF544577}.Debug|Any CPU.Build.0 = Debug|Any CPU
		{7C20F11E-FC8A-4EE5-8650-F190EF544577}.Release|Any CPU.ActiveCfg = Release|Any CPU
		{7C20F11E-FC8A-4EE5-8650-F190EF544577}.Release|Any CPU.Build.0 = Release|Any CPU
	EndGlobalSection
	GlobalSection(SolutionProperties) = preSolution
		HideSolutionNode = FALSE
	EndGlobalSection
	GlobalSection(ExtensibilityGlobals) = postSolution
		SolutionGuid = {EF96800D-F48F-4CAB-A120-48AD5BAEF734}
	EndGlobalSection
EndGlobal
