
Microsoft Visual Studio Solution File, Format Version 12.00
# Visual Studio Version 17
VisualStudioVersion = 17.4.33213.308
MinimumVisualStudioVersion = 10.0.40219.1
Project("{9A19103F-16F7-4668-BE54-9A1E7A4F7556}") = "BookStore", "BookStore\BookStore.csproj", "{B0A4ADCE-4408-483F-B453-448EE196736A}"
EndProject
Project("{9A19103F-16F7-4668-BE54-9A1E7A4F7556}") = "BookStore.Tests", "BookStore.Tests\BookStore.Tests.csproj", "{420FC4B4-37BF-4C42-BBC7-ADD629ABE905}"
EndProject
Global
	GlobalSection(SolutionConfigurationPlatforms) = preSolution
		Debug|Any CPU = Debug|Any CPU
		Release|Any CPU = Release|Any CPU
	EndGlobalSection
	GlobalSection(ProjectConfigurationPlatforms) = postSolution
		{B0A4ADCE-4408-483F-B453-448EE196736A}.Debug|Any CPU.ActiveCfg = Debug|Any CPU
		{B0A4ADCE-4408-483F-B453-448EE196736A}.Debug|Any CPU.Build.0 = Debug|Any CPU
		{B0A4ADCE-4408-483F-B453-448EE196736A}.Release|Any CPU.ActiveCfg = Release|Any CPU
		{B0A4ADCE-4408-483F-B453-448EE196736A}.Release|Any CPU.Build.0 = Release|Any CPU
		{420FC4B4-37BF-4C42-BBC7-ADD629ABE905}.Debug|Any CPU.ActiveCfg = Debug|Any CPU
		{420FC4B4-37BF-4C42-BBC7-ADD629ABE905}.Debug|Any CPU.Build.0 = Debug|Any CPU
		{420FC4B4-37BF-4C42-BBC7-ADD629ABE905}.Release|Any CPU.ActiveCfg = Release|Any CPU
		{420FC4B4-37BF-4C42-BBC7-ADD629ABE905}.Release|Any CPU.Build.0 = Release|Any CPU
	EndGlobalSection
	GlobalSection(SolutionProperties) = preSolution
		HideSolutionNode = FALSE
	EndGlobalSection
	GlobalSection(ExtensibilityGlobals) = postSolution
		SolutionGuid = {3D634787-A36B-473E-AAA3-9C8F1C1BC00F}
	EndGlobalSection
EndGlobal
