
Microsoft Visual Studio Solution File, Format Version 12.00
# Visual Studio Version 17
VisualStudioVersion = 17.4.33213.308
MinimumVisualStudioVersion = 10.0.40219.1
Project("{FAE04EC0-301F-11D3-BF4B-00C04F79EFBC}") = "InterfaceDemo", "InterfaceDemo\InterfaceDemo.csproj", "{7DD8DD3C-EDA0-4112-AF8A-7D215D77D0ED}"
EndProject
Global
	GlobalSection(SolutionConfigurationPlatforms) = preSolution
		Debug|Any CPU = Debug|Any CPU
		Release|Any CPU = Release|Any CPU
	EndGlobalSection
	GlobalSection(ProjectConfigurationPlatforms) = postSolution
		{7DD8DD3C-EDA0-4112-AF8A-7D215D77D0ED}.Debug|Any CPU.ActiveCfg = Debug|Any CPU
		{7DD8DD3C-EDA0-4112-AF8A-7D215D77D0ED}.Debug|Any CPU.Build.0 = Debug|Any CPU
		{7DD8DD3C-EDA0-4112-AF8A-7D215D77D0ED}.Release|Any CPU.ActiveCfg = Release|Any CPU
		{7DD8DD3C-EDA0-4112-AF8A-7D215D77D0ED}.Release|Any CPU.Build.0 = Release|Any CPU
	EndGlobalSection
	GlobalSection(SolutionProperties) = preSolution
		HideSolutionNode = FALSE
	EndGlobalSection
	GlobalSection(ExtensibilityGlobals) = postSolution
		SolutionGuid = {123934C1-913C-46E3-AC06-28D5436800FC}
	EndGlobalSection
EndGlobal
