
Microsoft Visual Studio Solution File, Format Version 12.00
# Visual Studio Version 17
VisualStudioVersion = 17.4.33213.308
MinimumVisualStudioVersion = 10.0.40219.1
Project("{FAE04EC0-301F-11D3-BF4B-00C04F79EFBC}") = "TableStorageDemo", "TableStorageDemo\TableStorageDemo.csproj", "{DC908A44-ED8C-4FC0-BB6A-F98B8CDA29BB}"
EndProject
Global
	GlobalSection(SolutionConfigurationPlatforms) = preSolution
		Debug|Any CPU = Debug|Any CPU
		Release|Any CPU = Release|Any CPU
	EndGlobalSection
	GlobalSection(ProjectConfigurationPlatforms) = postSolution
		{DC908A44-ED8C-4FC0-BB6A-F98B8CDA29BB}.Debug|Any CPU.ActiveCfg = Debug|Any CPU
		{DC908A44-ED8C-4FC0-BB6A-F98B8CDA29BB}.Debug|Any CPU.Build.0 = Debug|Any CPU
		{DC908A44-ED8C-4FC0-BB6A-F98B8CDA29BB}.Release|Any CPU.ActiveCfg = Release|Any CPU
		{DC908A44-ED8C-4FC0-BB6A-F98B8CDA29BB}.Release|Any CPU.Build.0 = Release|Any CPU
	EndGlobalSection
	GlobalSection(SolutionProperties) = preSolution
		HideSolutionNode = FALSE
	EndGlobalSection
	GlobalSection(ExtensibilityGlobals) = postSolution
		SolutionGuid = {C2273A07-E4DA-4387-9464-A7445A33C9BD}
	EndGlobalSection
EndGlobal
