
Microsoft Visual Studio Solution File, Format Version 12.00
# Visual Studio Version 17
VisualStudioVersion = 17.4.33213.308
MinimumVisualStudioVersion = 10.0.40219.1
Project("{FAE04EC0-301F-11D3-BF4B-00C04F79EFBC}") = "OOP_Demo", "OOP_Demo\OOP_Demo.csproj", "{21B41799-14CB-493D-9022-6AD9BFF66986}"
EndProject
Global
	GlobalSection(SolutionConfigurationPlatforms) = preSolution
		Debug|Any CPU = Debug|Any CPU
		Release|Any CPU = Release|Any CPU
	EndGlobalSection
	GlobalSection(ProjectConfigurationPlatforms) = postSolution
		{21B41799-14CB-493D-9022-6AD9BFF66986}.Debug|Any CPU.ActiveCfg = Debug|Any CPU
		{21B41799-14CB-493D-9022-6AD9BFF66986}.Debug|Any CPU.Build.0 = Debug|Any CPU
		{21B41799-14CB-493D-9022-6AD9BFF66986}.Release|Any CPU.ActiveCfg = Release|Any CPU
		{21B41799-14CB-493D-9022-6AD9BFF66986}.Release|Any CPU.Build.0 = Release|Any CPU
	EndGlobalSection
	GlobalSection(SolutionProperties) = preSolution
		HideSolutionNode = FALSE
	EndGlobalSection
	GlobalSection(ExtensibilityGlobals) = postSolution
		SolutionGuid = {2AE88739-BFA2-47AD-B386-CFED75453D04}
	EndGlobalSection
EndGlobal
